
Microsoft Visual Studio Solution File, Format Version 12.00
# Visual Studio Version 16
VisualStudioVersion = 16.0.30717.126
MinimumVisualStudioVersion = 10.0.40219.1
Project("{FAE04EC0-301F-11D3-BF4B-00C04F79EFBC}") = "SCFA", "SCFA.csproj", "{E0FE63A8-37FF-415E-A9DA-8B34AC09742E}"
EndProject
Project("{2150E333-8FDC-42A3-9474-1A3956D46DE8}") = "Solution Items", "Solution Items", "{045098CA-D9E3-47F2-8A3F-4B07B67A846B}"
	ProjectSection(SolutionItems) = preProject
		.editorconfig = .editorconfig
	EndProjectSection
EndProject
Global
	GlobalSection(SolutionConfigurationPlatforms) = preSolution
		Debug|Any CPU = Debug|Any CPU
		Release|Any CPU = Release|Any CPU
	EndGlobalSection
	GlobalSection(ProjectConfigurationPlatforms) = postSolution
		{E0FE63A8-37FF-415E-A9DA-8B34AC09742E}.Debug|Any CPU.ActiveCfg = Debug|Any CPU
		{E0FE63A8-37FF-415E-A9DA-8B34AC09742E}.Debug|Any CPU.Build.0 = Debug|Any CPU
		{E0FE63A8-37FF-415E-A9DA-8B34AC09742E}.Release|Any CPU.ActiveCfg = Release|Any CPU
		{E0FE63A8-37FF-415E-A9DA-8B34AC09742E}.Release|Any CPU.Build.0 = Release|Any CPU
	EndGlobalSection
	GlobalSection(SolutionProperties) = preSolution
		HideSolutionNode = FALSE
	EndGlobalSection
	GlobalSection(ExtensibilityGlobals) = postSolution
		SolutionGuid = {24E07069-38B2-4C6D-A962-DD1E6E64AF62}
	EndGlobalSection
EndGlobal
